
Microsoft Visual Studio Solution File, Format Version 12.00
# Visual Studio 15
VisualStudioVersion = 15.0.28010.2046
MinimumVisualStudioVersion = 10.0.40219.1
Project("{8BC9CEB8-8B4A-11D0-8D11-00A0C91BC942}") = "0_나머지 연산", "나머지 연산\나머지 연산.vcxproj", "{C028044F-20D2-4030-A01A-AF26D6773114}"
EndProject
Project("{2150E333-8FDC-42A3-9474-1A3956D46DE8}") = "0_수학1(math1)_(5)", "0_수학1(math1)_(5)", "{FC5BA169-776E-4519-B05D-B52EE3FBE142}"
EndProject
Project("{8BC9CEB8-8B4A-11D0-8D11-00A0C91BC942}") = "1_최대공약수_(2)", "최대공약수\최대공약수.vcxproj", "{FC3AEBFC-F5C4-4EF4-9823-67F33ECF41E8}"
EndProject
Project("{8BC9CEB8-8B4A-11D0-8D11-00A0C91BC942}") = "2_진법 변환_(2)", "진법 변환\진법 변환.vcxproj", "{925A6C54-127B-4B9F-9976-84E846D45B6D}"
EndProject
Project("{8BC9CEB8-8B4A-11D0-8D11-00A0C91BC942}") = "3_소수_(1)", "소수\소수.vcxproj", "{179987C8-CE9B-434F-9DD1-8DF6D15810C9}"
EndProject
Project("{8BC9CEB8-8B4A-11D0-8D11-00A0C91BC942}") = "4_소인수분해", "소인수분해\소인수분해.vcxproj", "{7106B01D-A99D-4FB4-8D97-E758D27F2495}"
EndProject
Project("{8BC9CEB8-8B4A-11D0-8D11-00A0C91BC942}") = "5_팩토리얼", "팩토리얼\팩토리얼.vcxproj", "{823F2F45-7279-4D0D-B76C-005622185690}"
EndProject
Project("{2150E333-8FDC-42A3-9474-1A3956D46DE8}") = "1_자료구조1(ds1)_(11)", "1_자료구조1(ds1)_(11)", "{07664244-942D-4743-9D43-AC716BEFCBAB}"
EndProject
Project("{8BC9CEB8-8B4A-11D0-8D11-00A0C91BC942}") = "0_스택_(2)", "스택\스택.vcxproj", "{12795F02-B144-42B5-ADCE-12780C494FFF}"
EndProject
Project("{8BC9CEB8-8B4A-11D0-8D11-00A0C91BC942}") = "1_큐_(1)", "큐\큐.vcxproj", "{85D79C12-B0DC-47F4-A716-FECBC242C097}"
EndProject
Project("{8BC9CEB8-8B4A-11D0-8D11-00A0C91BC942}") = "2_덱_(1)", "덱\덱.vcxproj", "{A794A1A2-6DE5-48C4-A1AC-9C6A7CEDB6AC}"
EndProject
Project("{8BC9CEB8-8B4A-11D0-8D11-00A0C91BC942}") = "3_문자열_(7)", "문자열\문자열.vcxproj", "{6B9D6AEC-73C9-48A0-A97E-E5AFD02A7EA4}"
EndProject
Project("{2150E333-8FDC-42A3-9474-1A3956D46DE8}") = "2_완전탐색0(es0)_(3)", "2_완전탐색0(es0)_(3)", "{957A05A9-8F2A-49B1-9199-9BC1099E92E1}"
EndProject
Project("{8BC9CEB8-8B4A-11D0-8D11-00A0C91BC942}") = "0_비트마스크_(1)", "비트마스크\비트마스크.vcxproj", "{AF98CCB2-0701-4DB9-9169-E2AC9AADB901}"
EndProject
Project("{8BC9CEB8-8B4A-11D0-8D11-00A0C91BC942}") = "1_순열_(2)", "순열\순열.vcxproj", "{F2FB8D69-89A7-4A31-9467-C9CD46F2E06B}"
EndProject
Project("{2150E333-8FDC-42A3-9474-1A3956D46DE8}") = "기초", "기초", "{8FC014D9-913B-40CE-99AE-EB8288911C7F}"
EndProject
Project("{2150E333-8FDC-42A3-9474-1A3956D46DE8}") = "기본", "기본", "{C4253212-41E5-45A7-A13C-BDD228DBE285}"
EndProject
Project("{2150E333-8FDC-42A3-9474-1A3956D46DE8}") = "3_분할정복(dnc)_(1)", "3_분할정복(dnc)_(1)", "{60DE7EE9-3A7B-4233-9250-002FC11D68FA}"
EndProject
Project("{8BC9CEB8-8B4A-11D0-8D11-00A0C91BC942}") = "1_이분 탐색_(1)", "이분 탐색\이분 탐색.vcxproj", "{01150487-5091-4AA9-8567-D2573C2D67AC}"
EndProject
Project("{8BC9CEB8-8B4A-11D0-8D11-00A0C91BC942}") = "2_머지 소트", "머지 소트\머지 소트.vcxproj", "{E7816953-2BC5-4305-939C-EA4E352301A9}"
EndProject
Project("{8BC9CEB8-8B4A-11D0-8D11-00A0C91BC942}") = "0_분할 정복", "분할 정복\분할 정복.vcxproj", "{5AF3B86D-6CB8-47E9-86CC-5E644D9A3A04}"
EndProject
Project("{2150E333-8FDC-42A3-9474-1A3956D46DE8}") = "4_다이나믹프로그래밍1(dp1)", "4_다이나믹프로그래밍1(dp1)", "{C89EF7E6-2A4E-4B30-90EE-868574993B82}"
EndProject
Project("{8BC9CEB8-8B4A-11D0-8D11-00A0C91BC942}") = "0_다이나믹 프로그래밍", "다이나믹 프로그래밍\다이나믹 프로그래밍.vcxproj", "{C994CC76-1F54-425C-999B-51146ED20657}"
EndProject
Global
	GlobalSection(SolutionConfigurationPlatforms) = preSolution
		Debug|x64 = Debug|x64
		Debug|x86 = Debug|x86
		Release|x64 = Release|x64
		Release|x86 = Release|x86
	EndGlobalSection
	GlobalSection(ProjectConfigurationPlatforms) = postSolution
		{C028044F-20D2-4030-A01A-AF26D6773114}.Debug|x64.ActiveCfg = Debug|x64
		{C028044F-20D2-4030-A01A-AF26D6773114}.Debug|x64.Build.0 = Debug|x64
		{C028044F-20D2-4030-A01A-AF26D6773114}.Debug|x86.ActiveCfg = Debug|Win32
		{C028044F-20D2-4030-A01A-AF26D6773114}.Debug|x86.Build.0 = Debug|Win32
		{C028044F-20D2-4030-A01A-AF26D6773114}.Release|x64.ActiveCfg = Release|x64
		{C028044F-20D2-4030-A01A-AF26D6773114}.Release|x64.Build.0 = Release|x64
		{C028044F-20D2-4030-A01A-AF26D6773114}.Release|x86.ActiveCfg = Release|Win32
		{C028044F-20D2-4030-A01A-AF26D6773114}.Release|x86.Build.0 = Release|Win32
		{FC3AEBFC-F5C4-4EF4-9823-67F33ECF41E8}.Debug|x64.ActiveCfg = Debug|x64
		{FC3AEBFC-F5C4-4EF4-9823-67F33ECF41E8}.Debug|x64.Build.0 = Debug|x64
		{FC3AEBFC-F5C4-4EF4-9823-67F33ECF41E8}.Debug|x86.ActiveCfg = Debug|Win32
		{FC3AEBFC-F5C4-4EF4-9823-67F33ECF41E8}.Debug|x86.Build.0 = Debug|Win32
		{FC3AEBFC-F5C4-4EF4-9823-67F33ECF41E8}.Release|x64.ActiveCfg = Release|x64
		{FC3AEBFC-F5C4-4EF4-9823-67F33ECF41E8}.Release|x64.Build.0 = Release|x64
		{FC3AEBFC-F5C4-4EF4-9823-67F33ECF41E8}.Release|x86.ActiveCfg = Release|Win32
		{FC3AEBFC-F5C4-4EF4-9823-67F33ECF41E8}.Release|x86.Build.0 = Release|Win32
		{925A6C54-127B-4B9F-9976-84E846D45B6D}.Debug|x64.ActiveCfg = Debug|x64
		{925A6C54-127B-4B9F-9976-84E846D45B6D}.Debug|x64.Build.0 = Debug|x64
		{925A6C54-127B-4B9F-9976-84E846D45B6D}.Debug|x86.ActiveCfg = Debug|Win32
		{925A6C54-127B-4B9F-9976-84E846D45B6D}.Debug|x86.Build.0 = Debug|Win32
		{925A6C54-127B-4B9F-9976-84E846D45B6D}.Release|x64.ActiveCfg = Release|x64
		{925A6C54-127B-4B9F-9976-84E846D45B6D}.Release|x64.Build.0 = Release|x64
		{925A6C54-127B-4B9F-9976-84E846D45B6D}.Release|x86.ActiveCfg = Release|Win32
		{925A6C54-127B-4B9F-9976-84E846D45B6D}.Release|x86.Build.0 = Release|Win32
		{179987C8-CE9B-434F-9DD1-8DF6D15810C9}.Debug|x64.ActiveCfg = Debug|x64
		{179987C8-CE9B-434F-9DD1-8DF6D15810C9}.Debug|x64.Build.0 = Debug|x64
		{179987C8-CE9B-434F-9DD1-8DF6D15810C9}.Debug|x86.ActiveCfg = Debug|Win32
		{179987C8-CE9B-434F-9DD1-8DF6D15810C9}.Debug|x86.Build.0 = Debug|Win32
		{179987C8-CE9B-434F-9DD1-8DF6D15810C9}.Release|x64.ActiveCfg = Release|x64
		{179987C8-CE9B-434F-9DD1-8DF6D15810C9}.Release|x64.Build.0 = Release|x64
		{179987C8-CE9B-434F-9DD1-8DF6D15810C9}.Release|x86.ActiveCfg = Release|Win32
		{179987C8-CE9B-434F-9DD1-8DF6D15810C9}.Release|x86.Build.0 = Release|Win32
		{7106B01D-A99D-4FB4-8D97-E758D27F2495}.Debug|x64.ActiveCfg = Debug|x64
		{7106B01D-A99D-4FB4-8D97-E758D27F2495}.Debug|x64.Build.0 = Debug|x64
		{7106B01D-A99D-4FB4-8D97-E758D27F2495}.Debug|x86.ActiveCfg = Debug|Win32
		{7106B01D-A99D-4FB4-8D97-E758D27F2495}.Debug|x86.Build.0 = Debug|Win32
		{7106B01D-A99D-4FB4-8D97-E758D27F2495}.Release|x64.ActiveCfg = Release|x64
		{7106B01D-A99D-4FB4-8D97-E758D27F2495}.Release|x64.Build.0 = Release|x64
		{7106B01D-A99D-4FB4-8D97-E758D27F2495}.Release|x86.ActiveCfg = Release|Win32
		{7106B01D-A99D-4FB4-8D97-E758D27F2495}.Release|x86.Build.0 = Release|Win32
		{823F2F45-7279-4D0D-B76C-005622185690}.Debug|x64.ActiveCfg = Debug|x64
		{823F2F45-7279-4D0D-B76C-005622185690}.Debug|x64.Build.0 = Debug|x64
		{823F2F45-7279-4D0D-B76C-005622185690}.Debug|x86.ActiveCfg = Debug|Win32
		{823F2F45-7279-4D0D-B76C-005622185690}.Debug|x86.Build.0 = Debug|Win32
		{823F2F45-7279-4D0D-B76C-005622185690}.Release|x64.ActiveCfg = Release|x64
		{823F2F45-7279-4D0D-B76C-005622185690}.Release|x64.Build.0 = Release|x64
		{823F2F45-7279-4D0D-B76C-005622185690}.Release|x86.ActiveCfg = Release|Win32
		{823F2F45-7279-4D0D-B76C-005622185690}.Release|x86.Build.0 = Release|Win32
		{12795F02-B144-42B5-ADCE-12780C494FFF}.Debug|x64.ActiveCfg = Debug|x64
		{12795F02-B144-42B5-ADCE-12780C494FFF}.Debug|x64.Build.0 = Debug|x64
		{12795F02-B144-42B5-ADCE-12780C494FFF}.Debug|x86.ActiveCfg = Debug|Win32
		{12795F02-B144-42B5-ADCE-12780C494FFF}.Debug|x86.Build.0 = Debug|Win32
		{12795F02-B144-42B5-ADCE-12780C494FFF}.Release|x64.ActiveCfg = Release|x64
		{12795F02-B144-42B5-ADCE-12780C494FFF}.Release|x64.Build.0 = Release|x64
		{12795F02-B144-42B5-ADCE-12780C494FFF}.Release|x86.ActiveCfg = Release|Win32
		{12795F02-B144-42B5-ADCE-12780C494FFF}.Release|x86.Build.0 = Release|Win32
		{85D79C12-B0DC-47F4-A716-FECBC242C097}.Debug|x64.ActiveCfg = Debug|x64
		{85D79C12-B0DC-47F4-A716-FECBC242C097}.Debug|x64.Build.0 = Debug|x64
		{85D79C12-B0DC-47F4-A716-FECBC242C097}.Debug|x86.ActiveCfg = Debug|Win32
		{85D79C12-B0DC-47F4-A716-FECBC242C097}.Debug|x86.Build.0 = Debug|Win32
		{85D79C12-B0DC-47F4-A716-FECBC242C097}.Release|x64.ActiveCfg = Release|x64
		{85D79C12-B0DC-47F4-A716-FECBC242C097}.Release|x64.Build.0 = Release|x64
		{85D79C12-B0DC-47F4-A716-FECBC242C097}.Release|x86.ActiveCfg = Release|Win32
		{85D79C12-B0DC-47F4-A716-FECBC242C097}.Release|x86.Build.0 = Release|Win32
		{A794A1A2-6DE5-48C4-A1AC-9C6A7CEDB6AC}.Debug|x64.ActiveCfg = Debug|x64
		{A794A1A2-6DE5-48C4-A1AC-9C6A7CEDB6AC}.Debug|x64.Build.0 = Debug|x64
		{A794A1A2-6DE5-48C4-A1AC-9C6A7CEDB6AC}.Debug|x86.ActiveCfg = Debug|Win32
		{A794A1A2-6DE5-48C4-A1AC-9C6A7CEDB6AC}.Debug|x86.Build.0 = Debug|Win32
		{A794A1A2-6DE5-48C4-A1AC-9C6A7CEDB6AC}.Release|x64.ActiveCfg = Release|x64
		{A794A1A2-6DE5-48C4-A1AC-9C6A7CEDB6AC}.Release|x64.Build.0 = Release|x64
		{A794A1A2-6DE5-48C4-A1AC-9C6A7CEDB6AC}.Release|x86.ActiveCfg = Release|Win32
		{A794A1A2-6DE5-48C4-A1AC-9C6A7CEDB6AC}.Release|x86.Build.0 = Release|Win32
		{6B9D6AEC-73C9-48A0-A97E-E5AFD02A7EA4}.Debug|x64.ActiveCfg = Debug|x64
		{6B9D6AEC-73C9-48A0-A97E-E5AFD02A7EA4}.Debug|x64.Build.0 = Debug|x64
		{6B9D6AEC-73C9-48A0-A97E-E5AFD02A7EA4}.Debug|x86.ActiveCfg = Debug|Win32
		{6B9D6AEC-73C9-48A0-A97E-E5AFD02A7EA4}.Debug|x86.Build.0 = Debug|Win32
		{6B9D6AEC-73C9-48A0-A97E-E5AFD02A7EA4}.Release|x64.ActiveCfg = Release|x64
		{6B9D6AEC-73C9-48A0-A97E-E5AFD02A7EA4}.Release|x64.Build.0 = Release|x64
		{6B9D6AEC-73C9-48A0-A97E-E5AFD02A7EA4}.Release|x86.ActiveCfg = Release|Win32
		{6B9D6AEC-73C9-48A0-A97E-E5AFD02A7EA4}.Release|x86.Build.0 = Release|Win32
		{AF98CCB2-0701-4DB9-9169-E2AC9AADB901}.Debug|x64.ActiveCfg = Debug|x64
		{AF98CCB2-0701-4DB9-9169-E2AC9AADB901}.Debug|x64.Build.0 = Debug|x64
		{AF98CCB2-0701-4DB9-9169-E2AC9AADB901}.Debug|x86.ActiveCfg = Debug|Win32
		{AF98CCB2-0701-4DB9-9169-E2AC9AADB901}.Debug|x86.Build.0 = Debug|Win32
		{AF98CCB2-0701-4DB9-9169-E2AC9AADB901}.Release|x64.ActiveCfg = Release|x64
		{AF98CCB2-0701-4DB9-9169-E2AC9AADB901}.Release|x64.Build.0 = Release|x64
		{AF98CCB2-0701-4DB9-9169-E2AC9AADB901}.Release|x86.ActiveCfg = Release|Win32
		{AF98CCB2-0701-4DB9-9169-E2AC9AADB901}.Release|x86.Build.0 = Release|Win32
		{F2FB8D69-89A7-4A31-9467-C9CD46F2E06B}.Debug|x64.ActiveCfg = Debug|x64
		{F2FB8D69-89A7-4A31-9467-C9CD46F2E06B}.Debug|x64.Build.0 = Debug|x64
		{F2FB8D69-89A7-4A31-9467-C9CD46F2E06B}.Debug|x86.ActiveCfg = Debug|Win32
		{F2FB8D69-89A7-4A31-9467-C9CD46F2E06B}.Debug|x86.Build.0 = Debug|Win32
		{F2FB8D69-89A7-4A31-9467-C9CD46F2E06B}.Release|x64.ActiveCfg = Release|x64
		{F2FB8D69-89A7-4A31-9467-C9CD46F2E06B}.Release|x64.Build.0 = Release|x64
		{F2FB8D69-89A7-4A31-9467-C9CD46F2E06B}.Release|x86.ActiveCfg = Release|Win32
		{F2FB8D69-89A7-4A31-9467-C9CD46F2E06B}.Release|x86.Build.0 = Release|Win32
		{01150487-5091-4AA9-8567-D2573C2D67AC}.Debug|x64.ActiveCfg = Debug|x64
		{01150487-5091-4AA9-8567-D2573C2D67AC}.Debug|x64.Build.0 = Debug|x64
		{01150487-5091-4AA9-8567-D2573C2D67AC}.Debug|x86.ActiveCfg = Debug|Win32
		{01150487-5091-4AA9-8567-D2573C2D67AC}.Debug|x86.Build.0 = Debug|Win32
		{01150487-5091-4AA9-8567-D2573C2D67AC}.Release|x64.ActiveCfg = Release|x64
		{01150487-5091-4AA9-8567-D2573C2D67AC}.Release|x64.Build.0 = Release|x64
		{01150487-5091-4AA9-8567-D2573C2D67AC}.Release|x86.ActiveCfg = Release|Win32
		{01150487-5091-4AA9-8567-D2573C2D67AC}.Release|x86.Build.0 = Release|Win32
		{E7816953-2BC5-4305-939C-EA4E352301A9}.Debug|x64.ActiveCfg = Debug|x64
		{E7816953-2BC5-4305-939C-EA4E352301A9}.Debug|x64.Build.0 = Debug|x64
		{E7816953-2BC5-4305-939C-EA4E352301A9}.Debug|x86.ActiveCfg = Debug|Win32
		{E7816953-2BC5-4305-939C-EA4E352301A9}.Debug|x86.Build.0 = Debug|Win32
		{E7816953-2BC5-4305-939C-EA4E352301A9}.Release|x64.ActiveCfg = Release|x64
		{E7816953-2BC5-4305-939C-EA4E352301A9}.Release|x64.Build.0 = Release|x64
		{E7816953-2BC5-4305-939C-EA4E352301A9}.Release|x86.ActiveCfg = Release|Win32
		{E7816953-2BC5-4305-939C-EA4E352301A9}.Release|x86.Build.0 = Release|Win32
		{5AF3B86D-6CB8-47E9-86CC-5E644D9A3A04}.Debug|x64.ActiveCfg = Debug|x64
		{5AF3B86D-6CB8-47E9-86CC-5E644D9A3A04}.Debug|x64.Build.0 = Debug|x64
		{5AF3B86D-6CB8-47E9-86CC-5E644D9A3A04}.Debug|x86.ActiveCfg = Debug|Win32
		{5AF3B86D-6CB8-47E9-86CC-5E644D9A3A04}.Debug|x86.Build.0 = Debug|Win32
		{5AF3B86D-6CB8-47E9-86CC-5E644D9A3A04}.Release|x64.ActiveCfg = Release|x64
		{5AF3B86D-6CB8-47E9-86CC-5E644D9A3A04}.Release|x64.Build.0 = Release|x64
		{5AF3B86D-6CB8-47E9-86CC-5E644D9A3A04}.Release|x86.ActiveCfg = Release|Win32
		{5AF3B86D-6CB8-47E9-86CC-5E644D9A3A04}.Release|x86.Build.0 = Release|Win32
		{C994CC76-1F54-425C-999B-51146ED20657}.Debug|x64.ActiveCfg = Debug|x64
		{C994CC76-1F54-425C-999B-51146ED20657}.Debug|x64.Build.0 = Debug|x64
		{C994CC76-1F54-425C-999B-51146ED20657}.Debug|x86.ActiveCfg = Debug|Win32
		{C994CC76-1F54-425C-999B-51146ED20657}.Debug|x86.Build.0 = Debug|Win32
		{C994CC76-1F54-425C-999B-51146ED20657}.Release|x64.ActiveCfg = Release|x64
		{C994CC76-1F54-425C-999B-51146ED20657}.Release|x64.Build.0 = Release|x64
		{C994CC76-1F54-425C-999B-51146ED20657}.Release|x86.ActiveCfg = Release|Win32
		{C994CC76-1F54-425C-999B-51146ED20657}.Release|x86.Build.0 = Release|Win32
	EndGlobalSection
	GlobalSection(SolutionProperties) = preSolution
		HideSolutionNode = FALSE
	EndGlobalSection
	GlobalSection(NestedProjects) = preSolution
		{C028044F-20D2-4030-A01A-AF26D6773114} = {FC5BA169-776E-4519-B05D-B52EE3FBE142}
		{FC5BA169-776E-4519-B05D-B52EE3FBE142} = {8FC014D9-913B-40CE-99AE-EB8288911C7F}
		{FC3AEBFC-F5C4-4EF4-9823-67F33ECF41E8} = {FC5BA169-776E-4519-B05D-B52EE3FBE142}
		{925A6C54-127B-4B9F-9976-84E846D45B6D} = {FC5BA169-776E-4519-B05D-B52EE3FBE142}
		{179987C8-CE9B-434F-9DD1-8DF6D15810C9} = {FC5BA169-776E-4519-B05D-B52EE3FBE142}
		{7106B01D-A99D-4FB4-8D97-E758D27F2495} = {FC5BA169-776E-4519-B05D-B52EE3FBE142}
		{823F2F45-7279-4D0D-B76C-005622185690} = {FC5BA169-776E-4519-B05D-B52EE3FBE142}
		{07664244-942D-4743-9D43-AC716BEFCBAB} = {8FC014D9-913B-40CE-99AE-EB8288911C7F}
		{12795F02-B144-42B5-ADCE-12780C494FFF} = {07664244-942D-4743-9D43-AC716BEFCBAB}
		{85D79C12-B0DC-47F4-A716-FECBC242C097} = {07664244-942D-4743-9D43-AC716BEFCBAB}
		{A794A1A2-6DE5-48C4-A1AC-9C6A7CEDB6AC} = {07664244-942D-4743-9D43-AC716BEFCBAB}
		{6B9D6AEC-73C9-48A0-A97E-E5AFD02A7EA4} = {07664244-942D-4743-9D43-AC716BEFCBAB}
		{957A05A9-8F2A-49B1-9199-9BC1099E92E1} = {8FC014D9-913B-40CE-99AE-EB8288911C7F}
		{AF98CCB2-0701-4DB9-9169-E2AC9AADB901} = {957A05A9-8F2A-49B1-9199-9BC1099E92E1}
		{F2FB8D69-89A7-4A31-9467-C9CD46F2E06B} = {957A05A9-8F2A-49B1-9199-9BC1099E92E1}
		{60DE7EE9-3A7B-4233-9250-002FC11D68FA} = {C4253212-41E5-45A7-A13C-BDD228DBE285}
		{01150487-5091-4AA9-8567-D2573C2D67AC} = {60DE7EE9-3A7B-4233-9250-002FC11D68FA}
		{E7816953-2BC5-4305-939C-EA4E352301A9} = {60DE7EE9-3A7B-4233-9250-002FC11D68FA}
		{5AF3B86D-6CB8-47E9-86CC-5E644D9A3A04} = {60DE7EE9-3A7B-4233-9250-002FC11D68FA}
		{C89EF7E6-2A4E-4B30-90EE-868574993B82} = {C4253212-41E5-45A7-A13C-BDD228DBE285}
		{C994CC76-1F54-425C-999B-51146ED20657} = {C89EF7E6-2A4E-4B30-90EE-868574993B82}
	EndGlobalSection
	GlobalSection(ExtensibilityGlobals) = postSolution
		SolutionGuid = {E9B9CF7E-BEF1-403D-B2D7-69C869BC219D}
	EndGlobalSection
EndGlobal
